
Microsoft Visual Studio Solution File, Format Version 12.00
# Visual Studio 15
VisualStudioVersion = 15.0.27130.2010
MinimumVisualStudioVersion = 10.0.40219.1
Project("{FAE04EC0-301F-11D3-BF4B-00C04F79EFBC}") = "MyFirstOouiApp", "MyFirstOouiApp\MyFirstOouiApp.csproj", "{CCDD8096-5DF7-4B26-B2DC-01D0D3476626}"
EndProject
Global
	GlobalSection(SolutionConfigurationPlatforms) = preSolution
		Debug|Any CPU = Debug|Any CPU
		Release|Any CPU = Release|Any CPU
	EndGlobalSection
	GlobalSection(ProjectConfigurationPlatforms) = postSolution
		{CCDD8096-5DF7-4B26-B2DC-01D0D3476626}.Debug|Any CPU.ActiveCfg = Debug|Any CPU
		{CCDD8096-5DF7-4B26-B2DC-01D0D3476626}.Debug|Any CPU.Build.0 = Debug|Any CPU
		{CCDD8096-5DF7-4B26-B2DC-01D0D3476626}.Release|Any CPU.ActiveCfg = Release|Any CPU
		{CCDD8096-5DF7-4B26-B2DC-01D0D3476626}.Release|Any CPU.Build.0 = Release|Any CPU
	EndGlobalSection
	GlobalSection(SolutionProperties) = preSolution
		HideSolutionNode = FALSE
	EndGlobalSection
	GlobalSection(ExtensibilityGlobals) = postSolution
		SolutionGuid = {CC97696C-82DF-4076-BD36-0419F541822D}
	EndGlobalSection
EndGlobal
